{
    "version": 3,
    "terraform_version": "0.11.8",
    "serial": 16,
    "lineage": "051fe2bc-f652-7ad4-9ab4-37c61cfe52aa",
    "modules": [
        {
            "path": [
                "root"
            ],
            "outputs": {
                "public_ip": {
                    "sensitive": false,
                    "type": "string",
                    "value": "35.173.65.174"
                }
            },
            "resources": {},
            "depends_on": []
        },
        {
            "path": [
                "root",
                "app_instance"
            ],
            "outputs": {
                "public_ip": {
                    "sensitive": false,
                    "type": "string",
                    "value": "35.173.65.174"
                }
            },
            "resources": {
                "aws_eip.lb": {
                    "type": "aws_eip",
                    "depends_on": [
                        "aws_instance.web"
                    ],
                    "primary": {
                        "id": "eipalloc-02f0507512104e1ce",
                        "attributes": {
                            "association_id": "eipassoc-00f56501ba21b5915",
                            "domain": "vpc",
                            "id": "eipalloc-02f0507512104e1ce",
                            "instance": "i-0f6ce2502f50c3b84",
                            "network_interface": "eni-08e08ee7e8bbdabbb",
                            "private_ip": "192.168.1.94",
                            "public_ip": "35.173.65.174",
                            "tags.%": "0",
                            "vpc": "true"
                        },
                        "meta": {
                            "e2bfb730-ecaa-11e6-8f88-34363bc7c4c0": {
                                "delete": 180000000000,
                                "read": 900000000000,
                                "update": 300000000000
                            }
                        },
                        "tainted": false
                    },
                    "deposed": [],
                    "provider": "provider.aws"
                },
                "aws_instance.web": {
                    "type": "aws_instance",
                    "depends_on": [
                        "aws_key_pair.deployer"
                    ],
                    "primary": {
                        "id": "i-0f6ce2502f50c3b84",
                        "attributes": {
                            "ami": "ami-0ff8a91507f77f867",
                            "arn": "arn:aws:ec2:us-east-1:337812402418:instance/i-0f6ce2502f50c3b84",
                            "associate_public_ip_address": "false",
                            "availability_zone": "us-east-1a",
                            "cpu_core_count": "1",
                            "cpu_threads_per_core": "1",
                            "credit_specification.#": "1",
                            "credit_specification.0.cpu_credits": "standard",
                            "disable_api_termination": "false",
                            "ebs_block_device.#": "0",
                            "ebs_optimized": "false",
                            "ephemeral_block_device.#": "0",
                            "get_password_data": "false",
                            "iam_instance_profile": "",
                            "id": "i-0f6ce2502f50c3b84",
                            "instance_state": "running",
                            "instance_type": "t2.micro",
                            "ipv6_addresses.#": "0",
                            "key_name": "public",
                            "monitoring": "false",
                            "network_interface.#": "0",
                            "network_interface_id": "eni-08e08ee7e8bbdabbb",
                            "password_data": "",
                            "placement_group": "",
                            "primary_network_interface_id": "eni-08e08ee7e8bbdabbb",
                            "private_dns": "ip-192-168-1-94.ec2.internal",
                            "private_ip": "192.168.1.94",
                            "public_dns": "",
                            "public_ip": "",
                            "root_block_device.#": "1",
                            "root_block_device.0.delete_on_termination": "true",
                            "root_block_device.0.iops": "100",
                            "root_block_device.0.volume_id": "vol-0620ab26783b1c86f",
                            "root_block_device.0.volume_size": "8",
                            "root_block_device.0.volume_type": "gp2",
                            "security_groups.#": "0",
                            "source_dest_check": "true",
                            "subnet_id": "subnet-0fd4879579e83a1cc",
                            "tags.%": "0",
                            "tenancy": "default",
                            "volume_tags.%": "0",
                            "vpc_security_group_ids.#": "2",
                            "vpc_security_group_ids.3526134015": "sg-08fa2a32fc491b630",
                            "vpc_security_group_ids.4272503991": "sg-06ea902bbb207053a"
                        },
                        "meta": {
                            "e2bfb730-ecaa-11e6-8f88-34363bc7c4c0": {
                                "create": 600000000000,
                                "delete": 1200000000000,
                                "update": 600000000000
                            },
                            "schema_version": "1"
                        },
                        "tainted": false
                    },
                    "deposed": [],
                    "provider": "provider.aws"
                },
                "aws_key_pair.deployer": {
                    "type": "aws_key_pair",
                    "depends_on": [],
                    "primary": {
                        "id": "public",
                        "attributes": {
                            "fingerprint": "5b:c7:37:3f:aa:a6:cf:81:ea:7c:82:c3:bc:a0:86:3a",
                            "id": "public",
                            "key_name": "public",
                            "public_key": "ssh-rsa AAAAB3NzaC1yc2EAAAADAQABAAABAQC203Ql3flfxkeuhy57lbBayrgo10spSNVgSBfIPjoLHnnvL9ywv6oggByqyoZvJVlvJWyefLaCYlDUr4W5A3VvgFy/eXn5t3qAYM7blmnxDqyuRSWvfPoTKih+S+y8WvdAJiQ8GxHnF5FqHq20qzSUHkakNt1pXhIW6QY2xZFt4zJC3nhs66mEPdvlI2W+zxR4kwI4WjOsFaoHA5zrTHTvP4yW4RStHJ6d1CivoAsmn85DlQV4poj2Q8oG2FvD5l4nPWBT9z2RvnCzLhP1EGeao9d4roXCuNKtk0Z+7jB6VDSWXXFU3saM33KsQwi8vVvo7AVyawpA7KyamvMj04IL luizferreira@VMNOTE-18"
                        },
                        "meta": {
                            "schema_version": "1"
                        },
                        "tainted": false
                    },
                    "deposed": [],
                    "provider": "provider.aws"
                },
                "docker_container.apache": {
                    "type": "docker_container",
                    "depends_on": [
                        "docker_image.apache"
                    ],
                    "primary": {
                        "id": "bedf89fa6407cb861e49b4c7add3f975fc43fa60078c4eb3f7e6352bc4a32b63",
                        "attributes": {
                            "bridge": "",
                            "gateway": "172.17.0.1",
                            "id": "bedf89fa6407cb861e49b4c7add3f975fc43fa60078c4eb3f7e6352bc4a32b63",
                            "image": "sha256:11426a19f1a28d6491041aef1e1a7a2dcaa188d0165ae495de7d8fc1bf3e164f",
                            "ip_address": "172.17.0.2",
                            "ip_prefix_length": "16",
                            "log_driver": "json-file",
                            "must_run": "true",
                            "name": "apache",
                            "ports.#": "1",
                            "ports.4028926921.external": "80",
                            "ports.4028926921.internal": "80",
                            "ports.4028926921.ip": "",
                            "ports.4028926921.protocol": "tcp",
                            "restart": "no"
                        },
                        "meta": {},
                        "tainted": false
                    },
                    "deposed": [],
                    "provider": "module.app_instance.provider.docker"
                },
                "docker_image.apache": {
                    "type": "docker_image",
                    "depends_on": [],
                    "primary": {
                        "id": "sha256:11426a19f1a28d6491041aef1e1a7a2dcaa188d0165ae495de7d8fc1bf3e164fhttpd:latest",
                        "attributes": {
                            "id": "sha256:11426a19f1a28d6491041aef1e1a7a2dcaa188d0165ae495de7d8fc1bf3e164fhttpd:latest",
                            "latest": "sha256:11426a19f1a28d6491041aef1e1a7a2dcaa188d0165ae495de7d8fc1bf3e164f",
                            "name": "httpd:2.4"
                        },
                        "meta": {},
                        "tainted": false
                    },
                    "deposed": [],
                    "provider": "module.app_instance.provider.docker"
                }
            },
            "depends_on": []
        },
        {
            "path": [
                "root",
                "http_sg"
            ],
            "outputs": {
                "http_id": {
                    "sensitive": false,
                    "type": "string",
                    "value": "sg-06ea902bbb207053a"
                }
            },
            "resources": {
                "aws_security_group.http_rule": {
                    "type": "aws_security_group",
                    "depends_on": [],
                    "primary": {
                        "id": "sg-06ea902bbb207053a",
                        "attributes": {
                            "arn": "arn:aws:ec2:us-east-1:337812402418:security-group/sg-06ea902bbb207053a",
                            "description": "Allow all http traffic",
                            "egress.#": "1",
                            "egress.1403647648.cidr_blocks.#": "1",
                            "egress.1403647648.cidr_blocks.0": "0.0.0.0/0",
                            "egress.1403647648.description": "",
                            "egress.1403647648.from_port": "0",
                            "egress.1403647648.ipv6_cidr_blocks.#": "0",
                            "egress.1403647648.prefix_list_ids.#": "0",
                            "egress.1403647648.protocol": "tcp",
                            "egress.1403647648.security_groups.#": "0",
                            "egress.1403647648.self": "false",
                            "egress.1403647648.to_port": "65535",
                            "id": "sg-06ea902bbb207053a",
                            "ingress.#": "2",
                            "ingress.2214680975.cidr_blocks.#": "1",
                            "ingress.2214680975.cidr_blocks.0": "0.0.0.0/0",
                            "ingress.2214680975.description": "",
                            "ingress.2214680975.from_port": "80",
                            "ingress.2214680975.ipv6_cidr_blocks.#": "0",
                            "ingress.2214680975.protocol": "tcp",
                            "ingress.2214680975.security_groups.#": "0",
                            "ingress.2214680975.self": "false",
                            "ingress.2214680975.to_port": "80",
                            "ingress.2617001939.cidr_blocks.#": "1",
                            "ingress.2617001939.cidr_blocks.0": "0.0.0.0/0",
                            "ingress.2617001939.description": "",
                            "ingress.2617001939.from_port": "443",
                            "ingress.2617001939.ipv6_cidr_blocks.#": "0",
                            "ingress.2617001939.protocol": "tcp",
                            "ingress.2617001939.security_groups.#": "0",
                            "ingress.2617001939.self": "false",
                            "ingress.2617001939.to_port": "443",
                            "name": "http_rule",
                            "owner_id": "337812402418",
                            "revoke_rules_on_delete": "false",
                            "tags.%": "0",
                            "vpc_id": "vpc-0d53dd1d20d029912"
                        },
                        "meta": {
                            "e2bfb730-ecaa-11e6-8f88-34363bc7c4c0": {
                                "create": 600000000000,
                                "delete": 600000000000
                            },
                            "schema_version": "1"
                        },
                        "tainted": false
                    },
                    "deposed": [],
                    "provider": "provider.aws"
                }
            },
            "depends_on": []
        },
        {
            "path": [
                "root",
                "ssh_sg"
            ],
            "outputs": {
                "ssh_id": {
                    "sensitive": false,
                    "type": "string",
                    "value": "sg-08fa2a32fc491b630"
                }
            },
            "resources": {
                "aws_security_group.ssh_rule": {
                    "type": "aws_security_group",
                    "depends_on": [],
                    "primary": {
                        "id": "sg-08fa2a32fc491b630",
                        "attributes": {
                            "arn": "arn:aws:ec2:us-east-1:337812402418:security-group/sg-08fa2a32fc491b630",
                            "description": "Allow ssh traffic",
                            "egress.#": "0",
                            "id": "sg-08fa2a32fc491b630",
                            "ingress.#": "1",
                            "ingress.2541437006.cidr_blocks.#": "1",
                            "ingress.2541437006.cidr_blocks.0": "0.0.0.0/0",
                            "ingress.2541437006.description": "",
                            "ingress.2541437006.from_port": "22",
                            "ingress.2541437006.ipv6_cidr_blocks.#": "0",
                            "ingress.2541437006.protocol": "tcp",
                            "ingress.2541437006.security_groups.#": "0",
                            "ingress.2541437006.self": "false",
                            "ingress.2541437006.to_port": "22",
                            "name": "ssh_rule",
                            "owner_id": "337812402418",
                            "revoke_rules_on_delete": "false",
                            "tags.%": "0",
                            "vpc_id": "vpc-0d53dd1d20d029912"
                        },
                        "meta": {
                            "e2bfb730-ecaa-11e6-8f88-34363bc7c4c0": {
                                "create": 600000000000,
                                "delete": 600000000000
                            },
                            "schema_version": "1"
                        },
                        "tainted": false
                    },
                    "deposed": [],
                    "provider": "provider.aws"
                }
            },
            "depends_on": []
        },
        {
            "path": [
                "root",
                "vpc_conf"
            ],
            "outputs": {
                "subnet_id": {
                    "sensitive": false,
                    "type": "string",
                    "value": "subnet-0fd4879579e83a1cc"
                },
                "vpc_id": {
                    "sensitive": false,
                    "type": "string",
                    "value": "vpc-0d53dd1d20d029912"
                }
            },
            "resources": {
                "aws_internet_gateway.gw": {
                    "type": "aws_internet_gateway",
                    "depends_on": [],
                    "primary": {
                        "id": "igw-0a524faf62e3db242",
                        "attributes": {
                            "id": "igw-0a524faf62e3db242",
                            "tags.%": "0",
                            "vpc_id": "vpc-0d53dd1d20d029912"
                        },
                        "meta": {},
                        "tainted": false
                    },
                    "deposed": [],
                    "provider": "provider.aws"
                },
                "aws_route.route_config": {
                    "type": "aws_route",
                    "depends_on": [
                        "aws_internet_gateway.gw",
                        "aws_vpc.main"
                    ],
                    "primary": {
                        "id": "r-rtb-06afd14fc0872e5681080289494",
                        "attributes": {
                            "destination_cidr_block": "0.0.0.0/0",
                            "destination_prefix_list_id": "",
                            "egress_only_gateway_id": "",
                            "gateway_id": "igw-0a524faf62e3db242",
                            "id": "r-rtb-06afd14fc0872e5681080289494",
                            "instance_id": "",
                            "instance_owner_id": "",
                            "nat_gateway_id": "",
                            "network_interface_id": "",
                            "origin": "CreateRoute",
                            "route_table_id": "rtb-06afd14fc0872e568",
                            "state": "active",
                            "vpc_peering_connection_id": ""
                        },
                        "meta": {
                            "e2bfb730-ecaa-11e6-8f88-34363bc7c4c0": {
                                "create": 120000000000,
                                "delete": 300000000000
                            }
                        },
                        "tainted": false
                    },
                    "deposed": [],
                    "provider": "provider.aws"
                },
                "aws_route_table.table_rule": {
                    "type": "aws_route_table",
                    "depends_on": [
                        "aws_internet_gateway.gw"
                    ],
                    "primary": {
                        "id": "rtb-0071668c1ebf60715",
                        "attributes": {
                            "id": "rtb-0071668c1ebf60715",
                            "propagating_vgws.#": "0",
                            "route.#": "1",
                            "route.2262012760.cidr_block": "0.0.0.0/0",
                            "route.2262012760.egress_only_gateway_id": "",
                            "route.2262012760.gateway_id": "igw-0a524faf62e3db242",
                            "route.2262012760.instance_id": "",
                            "route.2262012760.ipv6_cidr_block": "",
                            "route.2262012760.nat_gateway_id": "",
                            "route.2262012760.network_interface_id": "",
                            "route.2262012760.vpc_peering_connection_id": "",
                            "tags.%": "0",
                            "vpc_id": "vpc-0d53dd1d20d029912"
                        },
                        "meta": {},
                        "tainted": false
                    },
                    "deposed": [],
                    "provider": "provider.aws"
                },
                "aws_route_table_association.route_config": {
                    "type": "aws_route_table_association",
                    "depends_on": [
                        "aws_route_table.table_rule",
                        "aws_subnet.main"
                    ],
                    "primary": {
                        "id": "rtbassoc-050cb1ff803c25c95",
                        "attributes": {
                            "id": "rtbassoc-050cb1ff803c25c95",
                            "route_table_id": "rtb-0071668c1ebf60715",
                            "subnet_id": "subnet-0fd4879579e83a1cc"
                        },
                        "meta": {},
                        "tainted": false
                    },
                    "deposed": [],
                    "provider": "provider.aws"
                },
                "aws_subnet.main": {
                    "type": "aws_subnet",
                    "depends_on": [],
                    "primary": {
                        "id": "subnet-0fd4879579e83a1cc",
                        "attributes": {
                            "arn": "arn:aws:ec2:us-east-1:337812402418:subnet/subnet-0fd4879579e83a1cc",
                            "assign_ipv6_address_on_creation": "false",
                            "availability_zone": "us-east-1a",
                            "cidr_block": "192.168.1.0/24",
                            "id": "subnet-0fd4879579e83a1cc",
                            "map_public_ip_on_launch": "false",
                            "tags.%": "0",
                            "vpc_id": "vpc-0d53dd1d20d029912"
                        },
                        "meta": {
                            "schema_version": "1"
                        },
                        "tainted": false
                    },
                    "deposed": [],
                    "provider": "provider.aws"
                },
                "aws_vpc.main": {
                    "type": "aws_vpc",
                    "depends_on": [],
                    "primary": {
                        "id": "vpc-0d53dd1d20d029912",
                        "attributes": {
                            "arn": "arn:aws:ec2:us-east-1:337812402418:vpc/vpc-0d53dd1d20d029912",
                            "assign_generated_ipv6_cidr_block": "false",
                            "cidr_block": "192.168.0.0/16",
                            "default_network_acl_id": "acl-049ce4b216eb3aa22",
                            "default_route_table_id": "rtb-06afd14fc0872e568",
                            "default_security_group_id": "sg-014eaa41d373faede",
                            "dhcp_options_id": "dopt-ec374597",
                            "enable_classiclink": "false",
                            "enable_classiclink_dns_support": "false",
                            "enable_dns_hostnames": "false",
                            "enable_dns_support": "true",
                            "id": "vpc-0d53dd1d20d029912",
                            "instance_tenancy": "default",
                            "main_route_table_id": "rtb-06afd14fc0872e568",
                            "tags.%": "0"
                        },
                        "meta": {
                            "schema_version": "1"
                        },
                        "tainted": false
                    },
                    "deposed": [],
                    "provider": "provider.aws"
                }
            },
            "depends_on": []
        }
    ]
}
